
Microsoft Visual Studio Solution File, Format Version 12.00
# Visual Studio 14
VisualStudioVersion = 14.0.23107.0
MinimumVisualStudioVersion = 10.0.40219.1
Project("{FAE04EC0-301F-11D3-BF4B-00C04F79EFBC}") = "HW_Conditions_Task1", "HW_Conditions\HW_Conditions_Task1.csproj", "{04A9190E-70BD-4BE8-A0AE-192B7B58ED2E}"
EndProject
Project("{FAE04EC0-301F-11D3-BF4B-00C04F79EFBC}") = "HW_Conditions_Task2", "HW_Conditions_Task2\HW_Conditions_Task2.csproj", "{25C1DA73-4586-498B-8E90-D6F577BF24BB}"
EndProject
Project("{FAE04EC0-301F-11D3-BF4B-00C04F79EFBC}") = "HW_Machine_Mathematics_Task1", "HW_Machine_Mathematics_Task1\HW_Machine_Mathematics_Task1.csproj", "{DA99A3D0-4A61-4D0C-84E4-7FBF6FFB8075}"
EndProject
Project("{FAE04EC0-301F-11D3-BF4B-00C04F79EFBC}") = "HW_Machine_Mathematics_Task4", "HW_Machine_Mathematics_Task4\HW_Machine_Mathematics_Task4.csproj", "{B9244D01-DA74-4B7E-A398-0CFF52CF2760}"
EndProject
Project("{FAE04EC0-301F-11D3-BF4B-00C04F79EFBC}") = "HW_Machine_Mathematics_Task3", "HW_Machine_Mathematics_Task3\HW_Machine_Mathematics_Task3.csproj", "{F210E254-BFBB-4FB8-BCF6-396F75D0090F}"
EndProject
Global
	GlobalSection(SolutionConfigurationPlatforms) = preSolution
		Debug|Any CPU = Debug|Any CPU
		Release|Any CPU = Release|Any CPU
	EndGlobalSection
	GlobalSection(ProjectConfigurationPlatforms) = postSolution
		{04A9190E-70BD-4BE8-A0AE-192B7B58ED2E}.Debug|Any CPU.ActiveCfg = Debug|Any CPU
		{04A9190E-70BD-4BE8-A0AE-192B7B58ED2E}.Debug|Any CPU.Build.0 = Debug|Any CPU
		{04A9190E-70BD-4BE8-A0AE-192B7B58ED2E}.Release|Any CPU.ActiveCfg = Release|Any CPU
		{04A9190E-70BD-4BE8-A0AE-192B7B58ED2E}.Release|Any CPU.Build.0 = Release|Any CPU
		{25C1DA73-4586-498B-8E90-D6F577BF24BB}.Debug|Any CPU.ActiveCfg = Debug|Any CPU
		{25C1DA73-4586-498B-8E90-D6F577BF24BB}.Debug|Any CPU.Build.0 = Debug|Any CPU
		{25C1DA73-4586-498B-8E90-D6F577BF24BB}.Release|Any CPU.ActiveCfg = Release|Any CPU
		{25C1DA73-4586-498B-8E90-D6F577BF24BB}.Release|Any CPU.Build.0 = Release|Any CPU
		{DA99A3D0-4A61-4D0C-84E4-7FBF6FFB8075}.Debug|Any CPU.ActiveCfg = Debug|Any CPU
		{DA99A3D0-4A61-4D0C-84E4-7FBF6FFB8075}.Debug|Any CPU.Build.0 = Debug|Any CPU
		{DA99A3D0-4A61-4D0C-84E4-7FBF6FFB8075}.Release|Any CPU.ActiveCfg = Release|Any CPU
		{DA99A3D0-4A61-4D0C-84E4-7FBF6FFB8075}.Release|Any CPU.Build.0 = Release|Any CPU
		{B9244D01-DA74-4B7E-A398-0CFF52CF2760}.Debug|Any CPU.ActiveCfg = Debug|Any CPU
		{B9244D01-DA74-4B7E-A398-0CFF52CF2760}.Debug|Any CPU.Build.0 = Debug|Any CPU
		{B9244D01-DA74-4B7E-A398-0CFF52CF2760}.Release|Any CPU.ActiveCfg = Release|Any CPU
		{B9244D01-DA74-4B7E-A398-0CFF52CF2760}.Release|Any CPU.Build.0 = Release|Any CPU
		{F210E254-BFBB-4FB8-BCF6-396F75D0090F}.Debug|Any CPU.ActiveCfg = Debug|Any CPU
		{F210E254-BFBB-4FB8-BCF6-396F75D0090F}.Debug|Any CPU.Build.0 = Debug|Any CPU
		{F210E254-BFBB-4FB8-BCF6-396F75D0090F}.Release|Any CPU.ActiveCfg = Release|Any CPU
		{F210E254-BFBB-4FB8-BCF6-396F75D0090F}.Release|Any CPU.Build.0 = Release|Any CPU
	EndGlobalSection
	GlobalSection(SolutionProperties) = preSolution
		HideSolutionNode = FALSE
	EndGlobalSection
EndGlobal
